
Microsoft Visual Studio Solution File, Format Version 12.00
# Visual Studio Version 16
VisualStudioVersion = 16.0.31402.337
MinimumVisualStudioVersion = 10.0.40219.1
Project("{FAE04EC0-301F-11D3-BF4B-00C04F79EFBC}") = "SignalStudio.Core", "signal.studio.core\SignalStudio.Core.csproj", "{EB0B42AA-8EB3-493E-AAAA-4864E7D0ECAC}"
EndProject
Project("{FAE04EC0-301F-11D3-BF4B-00C04F79EFBC}") = "SignalStudio.Example", "SignalStudio.Example\SignalStudio.Example.csproj", "{7BA3488D-450F-4EDC-AC89-93C1B7E41FB1}"
EndProject
Global
	GlobalSection(SolutionConfigurationPlatforms) = preSolution
		Debug|Any CPU = Debug|Any CPU
		Release|Any CPU = Release|Any CPU
	EndGlobalSection
	GlobalSection(ProjectConfigurationPlatforms) = postSolution
		{EB0B42AA-8EB3-493E-AAAA-4864E7D0ECAC}.Debug|Any CPU.ActiveCfg = Debug|Any CPU
		{EB0B42AA-8EB3-493E-AAAA-4864E7D0ECAC}.Debug|Any CPU.Build.0 = Debug|Any CPU
		{EB0B42AA-8EB3-493E-AAAA-4864E7D0ECAC}.Release|Any CPU.ActiveCfg = Release|Any CPU
		{EB0B42AA-8EB3-493E-AAAA-4864E7D0ECAC}.Release|Any CPU.Build.0 = Release|Any CPU
		{7BA3488D-450F-4EDC-AC89-93C1B7E41FB1}.Debug|Any CPU.ActiveCfg = Debug|Any CPU
		{7BA3488D-450F-4EDC-AC89-93C1B7E41FB1}.Debug|Any CPU.Build.0 = Debug|Any CPU
		{7BA3488D-450F-4EDC-AC89-93C1B7E41FB1}.Release|Any CPU.ActiveCfg = Release|Any CPU
		{7BA3488D-450F-4EDC-AC89-93C1B7E41FB1}.Release|Any CPU.Build.0 = Release|Any CPU
	EndGlobalSection
	GlobalSection(SolutionProperties) = preSolution
		HideSolutionNode = FALSE
	EndGlobalSection
	GlobalSection(ExtensibilityGlobals) = postSolution
		SolutionGuid = {EAD0159C-8753-45E5-B8CE-CA9DAB454EC5}
	EndGlobalSection
EndGlobal
